// !$*UTF8*$!
{
	archiveVersion = 1;
	classes = {
	};
	objectVersion = 50;
	objects = {

/* Begin PBXBuildFile section */
		F6CEB5C323CF12AC00C4FE75 /* AppDelegate.swift in Sources */ = {isa = PBXBuildFile; fileRef = F6CEB5C223CF12AC00C4FE75 /* AppDelegate.swift */; };
		F6CEB5C523CF12AC00C4FE75 /* SceneDelegate.swift in Sources */ = {isa = PBXBuildFile; fileRef = F6CEB5C423CF12AC00C4FE75 /* SceneDelegate.swift */; };
		F6CEB5C723CF12AC00C4FE75 /* MasterViewController.swift in Sources */ = {isa = PBXBuildFile; fileRef = F6CEB5C623CF12AC00C4FE75 /* MasterViewController.swift */; };
		F6CEB5C923CF12AC00C4FE75 /* DetailViewController.swift in Sources */ = {isa = PBXBuildFile; fileRef = F6CEB5C823CF12AC00C4FE75 /* DetailViewController.swift */; };
		F6CEB5CC23CF12AC00C4FE75 /* Main.storyboard in Resources */ = {isa = PBXBuildFile; fileRef = F6CEB5CA23CF12AC00C4FE75 /* Main.storyboard */; };
		F6CEB5CE23CF12AE00C4FE75 /* Assets.xcassets in Resources */ = {isa = PBXBuildFile; fileRef = F6CEB5CD23CF12AE00C4FE75 /* Assets.xcassets */; };
		F6CEB5D123CF12AE00C4FE75 /* LaunchScreen.storyboard in Resources */ = {isa = PBXBuildFile; fileRef = F6CEB5CF23CF12AE00C4FE75 /* LaunchScreen.storyboard */; };
		F6CEB5DC23CF12AE00C4FE75 /* HelloAppCenterTests.swift in Sources */ = {isa = PBXBuildFile; fileRef = F6CEB5DB23CF12AE00C4FE75 /* HelloAppCenterTests.swift */; };
		F6CEB5E723CF12AE00C4FE75 /* HelloAppCenterUITests.swift in Sources */ = {isa = PBXBuildFile; fileRef = F6CEB5E623CF12AE00C4FE75 /* HelloAppCenterUITests.swift */; };
/* End PBXBuildFile section */

/* Begin PBXContainerItemProxy section */
		F6CEB5D823CF12AE00C4FE75 /* PBXContainerItemProxy */ = {
			isa = PBXContainerItemProxy;
			containerPortal = F6CEB5B723CF12AC00C4FE75 /* Project object */;
			proxyType = 1;
			remoteGlobalIDString = F6CEB5BE23CF12AC00C4FE75;
			remoteInfo = HelloAppCenter;
		};
		F6CEB5E323CF12AE00C4FE75 /* PBXContainerItemProxy */ = {
			isa = PBXContainerItemProxy;
			containerPortal = F6CEB5B723CF12AC00C4FE75 /* Project object */;
			proxyType = 1;
			remoteGlobalIDString = F6CEB5BE23CF12AC00C4FE75;
			remoteInfo = HelloAppCenter;
		};
/* End PBXContainerItemProxy section */

/* Begin PBXFileReference section */
		F61C571523CF130E0048376D /* HelloAppCenter.xctestplan */ = {isa = PBXFileReference; lastKnownFileType = text; path = HelloAppCenter.xctestplan; sourceTree = "<group>"; };
		F6CEB5BF23CF12AC00C4FE75 /* HelloAppCenter.app */ = {isa = PBXFileReference; explicitFileType = wrapper.application; includeInIndex = 0; path = HelloAppCenter.app; sourceTree = BUILT_PRODUCTS_DIR; };
		F6CEB5C223CF12AC00C4FE75 /* AppDelegate.swift */ = {isa = PBXFileReference; lastKnownFileType = sourcecode.swift; path = AppDelegate.swift; sourceTree = "<group>"; };
		F6CEB5C423CF12AC00C4FE75 /* SceneDelegate.swift */ = {isa = PBXFileReference; lastKnownFileType = sourcecode.swift; path = SceneDelegate.swift; sourceTree = "<group>"; };
		F6CEB5C623CF12AC00C4FE75 /* MasterViewController.swift */ = {isa = PBXFileReference; lastKnownFileType = sourcecode.swift; path = MasterViewController.swift; sourceTree = "<group>"; };
		F6CEB5C823CF12AC00C4FE75 /* DetailViewController.swift */ = {isa = PBXFileReference; lastKnownFileType = sourcecode.swift; path = DetailViewController.swift; sourceTree = "<group>"; };
		F6CEB5CB23CF12AC00C4FE75 /* Base */ = {isa = PBXFileReference; lastKnownFileType = file.storyboard; name = Base; path = Base.lproj/Main.storyboard; sourceTree = "<group>"; };
		F6CEB5CD23CF12AE00C4FE75 /* Assets.xcassets */ = {isa = PBXFileReference; lastKnownFileType = folder.assetcatalog; path = Assets.xcassets; sourceTree = "<group>"; };
		F6CEB5D023CF12AE00C4FE75 /* Base */ = {isa = PBXFileReference; lastKnownFileType = file.storyboard; name = Base; path = Base.lproj/LaunchScreen.storyboard; sourceTree = "<group>"; };
		F6CEB5D223CF12AE00C4FE75 /* Info.plist */ = {isa = PBXFileReference; lastKnownFileType = text.plist.xml; path = Info.plist; sourceTree = "<group>"; };
		F6CEB5D723CF12AE00C4FE75 /* HelloAppCenterTests.xctest */ = {isa = PBXFileReference; explicitFileType = wrapper.cfbundle; includeInIndex = 0; path = HelloAppCenterTests.xctest; sourceTree = BUILT_PRODUCTS_DIR; };
		F6CEB5DB23CF12AE00C4FE75 /* HelloAppCenterTests.swift */ = {isa = PBXFileReference; lastKnownFileType = sourcecode.swift; path = HelloAppCenterTests.swift; sourceTree = "<group>"; };
		F6CEB5DD23CF12AE00C4FE75 /* Info.plist */ = {isa = PBXFileReference; lastKnownFileType = text.plist.xml; path = Info.plist; sourceTree = "<group>"; };
		F6CEB5E223CF12AE00C4FE75 /* HelloAppCenterUITests.xctest */ = {isa = PBXFileReference; explicitFileType = wrapper.cfbundle; includeInIndex = 0; path = HelloAppCenterUITests.xctest; sourceTree = BUILT_PRODUCTS_DIR; };
		F6CEB5E623CF12AE00C4FE75 /* HelloAppCenterUITests.swift */ = {isa = PBXFileReference; lastKnownFileType = sourcecode.swift; path = HelloAppCenterUITests.swift; sourceTree = "<group>"; };
		F6CEB5E823CF12AE00C4FE75 /* Info.plist */ = {isa = PBXFileReference; lastKnownFileType = text.plist.xml; path = Info.plist; sourceTree = "<group>"; };
/* End PBXFileReference section */

/* Begin PBXFrameworksBuildPhase section */
		F6CEB5BC23CF12AC00C4FE75 /* Frameworks */ = {
			isa = PBXFrameworksBuildPhase;
			buildActionMask = 2147483647;
			files = (
			);
			runOnlyForDeploymentPostprocessing = 0;
		};
		F6CEB5D423CF12AE00C4FE75 /* Frameworks */ = {
			isa = PBXFrameworksBuildPhase;
			buildActionMask = 2147483647;
			files = (
			);
			runOnlyForDeploymentPostprocessing = 0;
		};
		F6CEB5DF23CF12AE00C4FE75 /* Frameworks */ = {
			isa = PBXFrameworksBuildPhase;
			buildActionMask = 2147483647;
			files = (
			);
			runOnlyForDeploymentPostprocessing = 0;
		};
/* End PBXFrameworksBuildPhase section */

/* Begin PBXGroup section */
		F6CEB5B623CF12AC00C4FE75 = {
			isa = PBXGroup;
			children = (
				F6CEB5C123CF12AC00C4FE75 /* HelloAppCenter */,
				F61C571523CF130E0048376D /* HelloAppCenter.xctestplan */,
				F6CEB5DA23CF12AE00C4FE75 /* HelloAppCenterTests */,
				F6CEB5E523CF12AE00C4FE75 /* HelloAppCenterUITests */,
				F6CEB5C023CF12AC00C4FE75 /* Products */,
			);
			sourceTree = "<group>";
		};
		F6CEB5C023CF12AC00C4FE75 /* Products */ = {
			isa = PBXGroup;
			children = (
				F6CEB5BF23CF12AC00C4FE75 /* HelloAppCenter.app */,
				F6CEB5D723CF12AE00C4FE75 /* HelloAppCenterTests.xctest */,
				F6CEB5E223CF12AE00C4FE75 /* HelloAppCenterUITests.xctest */,
			);
			name = Products;
			sourceTree = "<group>";
		};
		F6CEB5C123CF12AC00C4FE75 /* HelloAppCenter */ = {
			isa = PBXGroup;
			children = (
				F6CEB5C223CF12AC00C4FE75 /* AppDelegate.swift */,
				F6CEB5C423CF12AC00C4FE75 /* SceneDelegate.swift */,
				F6CEB5C623CF12AC00C4FE75 /* MasterViewController.swift */,
				F6CEB5C823CF12AC00C4FE75 /* DetailViewController.swift */,
				F6CEB5CA23CF12AC00C4FE75 /* Main.storyboard */,
				F6CEB5CD23CF12AE00C4FE75 /* Assets.xcassets */,
				F6CEB5CF23CF12AE00C4FE75 /* LaunchScreen.storyboard */,
				F6CEB5D223CF12AE00C4FE75 /* Info.plist */,
			);
			path = HelloAppCenter;
			sourceTree = "<group>";
		};
		F6CEB5DA23CF12AE00C4FE75 /* HelloAppCenterTests */ = {
			isa = PBXGroup;
			children = (
				F6CEB5DB23CF12AE00C4FE75 /* HelloAppCenterTests.swift */,
				F6CEB5DD23CF12AE00C4FE75 /* Info.plist */,
			);
			path = HelloAppCenterTests;
			sourceTree = "<group>";
		};
		F6CEB5E523CF12AE00C4FE75 /* HelloAppCenterUITests */ = {
			isa = PBXGroup;
			children = (
				F6CEB5E623CF12AE00C4FE75 /* HelloAppCenterUITests.swift */,
				F6CEB5E823CF12AE00C4FE75 /* Info.plist */,
			);
			path = HelloAppCenterUITests;
			sourceTree = "<group>";
		};
/* End PBXGroup section */

/* Begin PBXNativeTarget section */
		F6CEB5BE23CF12AC00C4FE75 /* HelloAppCenter */ = {
			isa = PBXNativeTarget;
			buildConfigurationList = F6CEB5EB23CF12AE00C4FE75 /* Build configuration list for PBXNativeTarget "HelloAppCenter" */;
			buildPhases = (
				F6CEB5BB23CF12AC00C4FE75 /* Sources */,
				F6CEB5BC23CF12AC00C4FE75 /* Frameworks */,
				F6CEB5BD23CF12AC00C4FE75 /* Resources */,
			);
			buildRules = (
			);
			dependencies = (
			);
			name = HelloAppCenter;
			productName = HelloAppCenter;
			productReference = F6CEB5BF23CF12AC00C4FE75 /* HelloAppCenter.app */;
			productType = "com.apple.product-type.application";
		};
		F6CEB5D623CF12AE00C4FE75 /* HelloAppCenterTests */ = {
			isa = PBXNativeTarget;
			buildConfigurationList = F6CEB5EE23CF12AE00C4FE75 /* Build configuration list for PBXNativeTarget "HelloAppCenterTests" */;
			buildPhases = (
				F6CEB5D323CF12AE00C4FE75 /* Sources */,
				F6CEB5D423CF12AE00C4FE75 /* Frameworks */,
				F6CEB5D523CF12AE00C4FE75 /* Resources */,
			);
			buildRules = (
			);
			dependencies = (
				F6CEB5D923CF12AE00C4FE75 /* PBXTargetDependency */,
			);
			name = HelloAppCenterTests;
			productName = HelloAppCenterTests;
			productReference = F6CEB5D723CF12AE00C4FE75 /* HelloAppCenterTests.xctest */;
			productType = "com.apple.product-type.bundle.unit-test";
		};
		F6CEB5E123CF12AE00C4FE75 /* HelloAppCenterUITests */ = {
			isa = PBXNativeTarget;
			buildConfigurationList = F6CEB5F123CF12AE00C4FE75 /* Build configuration list for PBXNativeTarget "HelloAppCenterUITests" */;
			buildPhases = (
				F6CEB5DE23CF12AE00C4FE75 /* Sources */,
				F6CEB5DF23CF12AE00C4FE75 /* Frameworks */,
				F6CEB5E023CF12AE00C4FE75 /* Resources */,
			);
			buildRules = (
			);
			dependencies = (
				F6CEB5E423CF12AE00C4FE75 /* PBXTargetDependency */,
			);
			name = HelloAppCenterUITests;
			productName = HelloAppCenterUITests;
			productReference = F6CEB5E223CF12AE00C4FE75 /* HelloAppCenterUITests.xctest */;
			productType = "com.apple.product-type.bundle.ui-testing";
		};
/* End PBXNativeTarget section */

/* Begin PBXProject section */
		F6CEB5B723CF12AC00C4FE75 /* Project object */ = {
			isa = PBXProject;
			attributes = {
				LastSwiftUpdateCheck = 1120;
				LastUpgradeCheck = 1120;
				ORGANIZATIONNAME = "Jason Cabot";
				TargetAttributes = {
					F6CEB5BE23CF12AC00C4FE75 = {
						CreatedOnToolsVersion = 11.2.1;
					};
					F6CEB5D623CF12AE00C4FE75 = {
						CreatedOnToolsVersion = 11.2.1;
						TestTargetID = F6CEB5BE23CF12AC00C4FE75;
					};
					F6CEB5E123CF12AE00C4FE75 = {
						CreatedOnToolsVersion = 11.2.1;
						TestTargetID = F6CEB5BE23CF12AC00C4FE75;
					};
				};
			};
			buildConfigurationList = F6CEB5BA23CF12AC00C4FE75 /* Build configuration list for PBXProject "HelloAppCenter" */;
			compatibilityVersion = "Xcode 9.3";
			developmentRegion = en;
			hasScannedForEncodings = 0;
			knownRegions = (
				en,
				Base,
			);
			mainGroup = F6CEB5B623CF12AC00C4FE75;
			productRefGroup = F6CEB5C023CF12AC00C4FE75 /* Products */;
			projectDirPath = "";
			projectRoot = "";
			targets = (
				F6CEB5BE23CF12AC00C4FE75 /* HelloAppCenter */,
				F6CEB5D623CF12AE00C4FE75 /* HelloAppCenterTests */,
				F6CEB5E123CF12AE00C4FE75 /* HelloAppCenterUITests */,
			);
		};
/* End PBXProject section */

/* Begin PBXResourcesBuildPhase section */
		F6CEB5BD23CF12AC00C4FE75 /* Resources */ = {
			isa = PBXResourcesBuildPhase;
			buildActionMask = 2147483647;
			files = (
				F6CEB5D123CF12AE00C4FE75 /* LaunchScreen.storyboard in Resources */,
				F6CEB5CE23CF12AE00C4FE75 /* Assets.xcassets in Resources */,
				F6CEB5CC23CF12AC00C4FE75 /* Main.storyboard in Resources */,
			);
			runOnlyForDeploymentPostprocessing = 0;
		};
		F6CEB5D523CF12AE00C4FE75 /* Resources */ = {
			isa = PBXResourcesBuildPhase;
			buildActionMask = 2147483647;
			files = (
			);
			runOnlyForDeploymentPostprocessing = 0;
		};
		F6CEB5E023CF12AE00C4FE75 /* Resources */ = {
			isa = PBXResourcesBuildPhase;
			buildActionMask = 2147483647;
			files = (
			);
			runOnlyForDeploymentPostprocessing = 0;
		};
/* End PBXResourcesBuildPhase section */

/* Begin PBXSourcesBuildPhase section */
		F6CEB5BB23CF12AC00C4FE75 /* Sources */ = {
			isa = PBXSourcesBuildPhase;
			buildActionMask = 2147483647;
			files = (
				F6CEB5C323CF12AC00C4FE75 /* AppDelegate.swift in Sources */,
				F6CEB5C523CF12AC00C4FE75 /* SceneDelegate.swift in Sources */,
				F6CEB5C723CF12AC00C4FE75 /* MasterViewController.swift in Sources */,
				F6CEB5C923CF12AC00C4FE75 /* DetailViewController.swift in Sources */,
			);
			runOnlyForDeploymentPostprocessing = 0;
		};
		F6CEB5D323CF12AE00C4FE75 /* Sources */ = {
			isa = PBXSourcesBuildPhase;
			buildActionMask = 2147483647;
			files = (
				F6CEB5DC23CF12AE00C4FE75 /* HelloAppCenterTests.swift in Sources */,
			);
			runOnlyForDeploymentPostprocessing = 0;
		};
		F6CEB5DE23CF12AE00C4FE75 /* Sources */ = {
			isa = PBXSourcesBuildPhase;
			buildActionMask = 2147483647;
			files = (
				F6CEB5E723CF12AE00C4FE75 /* HelloAppCenterUITests.swift in Sources */,
			);
			runOnlyForDeploymentPostprocessing = 0;
		};
/* End PBXSourcesBuildPhase section */

/* Begin PBXTargetDependency section */
		F6CEB5D923CF12AE00C4FE75 /* PBXTargetDependency */ = {
			isa = PBXTargetDependency;
			target = F6CEB5BE23CF12AC00C4FE75 /* HelloAppCenter */;
			targetProxy = F6CEB5D823CF12AE00C4FE75 /* PBXContainerItemProxy */;
		};
		F6CEB5E423CF12AE00C4FE75 /* PBXTargetDependency */ = {
			isa = PBXTargetDependency;
			target = F6CEB5BE23CF12AC00C4FE75 /* HelloAppCenter */;
			targetProxy = F6CEB5E323CF12AE00C4FE75 /* PBXContainerItemProxy */;
		};
/* End PBXTargetDependency section */

/* Begin PBXVariantGroup section */
		F6CEB5CA23CF12AC00C4FE75 /* Main.storyboard */ = {
			isa = PBXVariantGroup;
			children = (
				F6CEB5CB23CF12AC00C4FE75 /* Base */,
			);
			name = Main.storyboard;
			sourceTree = "<group>";
		};
		F6CEB5CF23CF12AE00C4FE75 /* LaunchScreen.storyboard */ = {
			isa = PBXVariantGroup;
			children = (
				F6CEB5D023CF12AE00C4FE75 /* Base */,
			);
			name = LaunchScreen.storyboard;
			sourceTree = "<group>";
		};
/* End PBXVariantGroup section */

/* Begin XCBuildConfiguration section */
		F6CEB5E923CF12AE00C4FE75 /* Debug */ = {
			isa = XCBuildConfiguration;
			buildSettings = {
				ALWAYS_SEARCH_USER_PATHS = NO;
				CLANG_ANALYZER_NONNULL = YES;
				CLANG_ANALYZER_NUMBER_OBJECT_CONVERSION = YES_AGGRESSIVE;
				CLANG_CXX_LANGUAGE_STANDARD = "gnu++14";
				CLANG_CXX_LIBRARY = "libc++";
				CLANG_ENABLE_MODULES = YES;
				CLANG_ENABLE_OBJC_ARC = YES;
				CLANG_ENABLE_OBJC_WEAK = YES;
				CLANG_WARN_BLOCK_CAPTURE_AUTORELEASING = YES;
				CLANG_WARN_BOOL_CONVERSION = YES;
				CLANG_WARN_COMMA = YES;
				CLANG_WARN_CONSTANT_CONVERSION = YES;
				CLANG_WARN_DEPRECATED_OBJC_IMPLEMENTATIONS = YES;
				CLANG_WARN_DIRECT_OBJC_ISA_USAGE = YES_ERROR;
				CLANG_WARN_DOCUMENTATION_COMMENTS = YES;
				CLANG_WARN_EMPTY_BODY = YES;
				CLANG_WARN_ENUM_CONVERSION = YES;
				CLANG_WARN_INFINITE_RECURSION = YES;
				CLANG_WARN_INT_CONVERSION = YES;
				CLANG_WARN_NON_LITERAL_NULL_CONVERSION = YES;
				CLANG_WARN_OBJC_IMPLICIT_RETAIN_SELF = YES;
				CLANG_WARN_OBJC_LITERAL_CONVERSION = YES;
				CLANG_WARN_OBJC_ROOT_CLASS = YES_ERROR;
				CLANG_WARN_RANGE_LOOP_ANALYSIS = YES;
				CLANG_WARN_STRICT_PROTOTYPES = YES;
				CLANG_WARN_SUSPICIOUS_MOVE = YES;
				CLANG_WARN_UNGUARDED_AVAILABILITY = YES_AGGRESSIVE;
				CLANG_WARN_UNREACHABLE_CODE = YES;
				CLANG_WARN__DUPLICATE_METHOD_MATCH = YES;
				COPY_PHASE_STRIP = NO;
				DEBUG_INFORMATION_FORMAT = dwarf;
				ENABLE_STRICT_OBJC_MSGSEND = YES;
				ENABLE_TESTABILITY = YES;
				GCC_C_LANGUAGE_STANDARD = gnu11;
				GCC_DYNAMIC_NO_PIC = NO;
				GCC_NO_COMMON_BLOCKS = YES;
				GCC_OPTIMIZATION_LEVEL = 0;
				GCC_PREPROCESSOR_DEFINITIONS = (
					"DEBUG=1",
					"$(inherited)",
				);
				GCC_WARN_64_TO_32_BIT_CONVERSION = YES;
				GCC_WARN_ABOUT_RETURN_TYPE = YES_ERROR;
				GCC_WARN_UNDECLARED_SELECTOR = YES;
				GCC_WARN_UNINITIALIZED_AUTOS = YES_AGGRESSIVE;
				GCC_WARN_UNUSED_FUNCTION = YES;
				GCC_WARN_UNUSED_VARIABLE = YES;
				IPHONEOS_DEPLOYMENT_TARGET = 13.2;
				MTL_ENABLE_DEBUG_INFO = INCLUDE_SOURCE;
				MTL_FAST_MATH = YES;
				ONLY_ACTIVE_ARCH = YES;
				SDKROOT = iphoneos;
				SWIFT_ACTIVE_COMPILATION_CONDITIONS = DEBUG;
				SWIFT_OPTIMIZATION_LEVEL = "-Onone";
			};
			name = Debug;
		};
		F6CEB5EA23CF12AE00C4FE75 /* Release */ = {
			isa = XCBuildConfiguration;
			buildSettings = {
				ALWAYS_SEARCH_USER_PATHS = NO;
				CLANG_ANALYZER_NONNULL = YES;
				CLANG_ANALYZER_NUMBER_OBJECT_CONVERSION = YES_AGGRESSIVE;
				CLANG_CXX_LANGUAGE_STANDARD = "gnu++14";
				CLANG_CXX_LIBRARY = "libc++";
				CLANG_ENABLE_MODULES = YES;
				CLANG_ENABLE_OBJC_ARC = YES;
				CLANG_ENABLE_OBJC_WEAK = YES;
				CLANG_WARN_BLOCK_CAPTURE_AUTORELEASING = YES;
				CLANG_WARN_BOOL_CONVERSION = YES;
				CLANG_WARN_COMMA = YES;
				CLANG_WARN_CONSTANT_CONVERSION = YES;
				CLANG_WARN_DEPRECATED_OBJC_IMPLEMENTATIONS = YES;
				CLANG_WARN_DIRECT_OBJC_ISA_USAGE = YES_ERROR;
				CLANG_WARN_DOCUMENTATION_COMMENTS = YES;
				CLANG_WARN_EMPTY_BODY = YES;
				CLANG_WARN_ENUM_CONVERSION = YES;
				CLANG_WARN_INFINITE_RECURSION = YES;
				CLANG_WARN_INT_CONVERSION = YES;
				CLANG_WARN_NON_LITERAL_NULL_CONVERSION = YES;
				CLANG_WARN_OBJC_IMPLICIT_RETAIN_SELF = YES;
				CLANG_WARN_OBJC_LITERAL_CONVERSION = YES;
				CLANG_WARN_OBJC_ROOT_CLASS = YES_ERROR;
				CLANG_WARN_RANGE_LOOP_ANALYSIS = YES;
				CLANG_WARN_STRICT_PROTOTYPES = YES;
				CLANG_WARN_SUSPICIOUS_MOVE = YES;
				CLANG_WARN_UNGUARDED_AVAILABILITY = YES_AGGRESSIVE;
				CLANG_WARN_UNREACHABLE_CODE = YES;
				CLANG_WARN__DUPLICATE_METHOD_MATCH = YES;
				COPY_PHASE_STRIP = NO;
				DEBUG_INFORMATION_FORMAT = "dwarf-with-dsym";
				ENABLE_NS_ASSERTIONS = NO;
				ENABLE_STRICT_OBJC_MSGSEND = YES;
				GCC_C_LANGUAGE_STANDARD = gnu11;
				GCC_NO_COMMON_BLOCKS = YES;
				GCC_WARN_64_TO_32_BIT_CONVERSION = YES;
				GCC_WARN_ABOUT_RETURN_TYPE = YES_ERROR;
				GCC_WARN_UNDECLARED_SELECTOR = YES;
				GCC_WARN_UNINITIALIZED_AUTOS = YES_AGGRESSIVE;
				GCC_WARN_UNUSED_FUNCTION = YES;
				GCC_WARN_UNUSED_VARIABLE = YES;
				IPHONEOS_DEPLOYMENT_TARGET = 13.2;
				MTL_ENABLE_DEBUG_INFO = NO;
				MTL_FAST_MATH = YES;
				SDKROOT = iphoneos;
				SWIFT_COMPILATION_MODE = wholemodule;
				SWIFT_OPTIMIZATION_LEVEL = "-O";
				VALIDATE_PRODUCT = YES;
			};
			name = Release;
		};
		F6CEB5EC23CF12AE00C4FE75 /* Debug */ = {
			isa = XCBuildConfiguration;
			buildSettings = {
				ASSETCATALOG_COMPILER_APPICON_NAME = AppIcon;
				CODE_SIGN_STYLE = Automatic;
				DEVELOPMENT_TEAM = 2V62Z49VFD;
				INFOPLIST_FILE = HelloAppCenter/Info.plist;
				LD_RUNPATH_SEARCH_PATHS = (
					"$(inherited)",
					"@executable_path/Frameworks",
				);
				PRODUCT_BUNDLE_IDENTIFIER = com.jasoncabot.HelloAppCenter;
				PRODUCT_NAME = "$(TARGET_NAME)";
				SWIFT_VERSION = 5.0;
				TARGETED_DEVICE_FAMILY = "1,2";
			};
			name = Debug;
		};
		F6CEB5ED23CF12AE00C4FE75 /* Release */ = {
			isa = XCBuildConfiguration;
			buildSettings = {
				ASSETCATALOG_COMPILER_APPICON_NAME = AppIcon;
				CODE_SIGN_STYLE = Automatic;
				DEVELOPMENT_TEAM = 2V62Z49VFD;
				INFOPLIST_FILE = HelloAppCenter/Info.plist;
				LD_RUNPATH_SEARCH_PATHS = (
					"$(inherited)",
					"@executable_path/Frameworks",
				);
				PRODUCT_BUNDLE_IDENTIFIER = com.jasoncabot.HelloAppCenter;
				PRODUCT_NAME = "$(TARGET_NAME)";
				SWIFT_VERSION = 5.0;
				TARGETED_DEVICE_FAMILY = "1,2";
			};
			name = Release;
		};
		F6CEB5EF23CF12AE00C4FE75 /* Debug */ = {
			isa = XCBuildConfiguration;
			buildSettings = {
				ALWAYS_EMBED_SWIFT_STANDARD_LIBRARIES = YES;
				BUNDLE_LOADER = "$(TEST_HOST)";
				CODE_SIGN_STYLE = Automatic;
				DEVELOPMENT_TEAM = 2V62Z49VFD;
				INFOPLIST_FILE = HelloAppCenterTests/Info.plist;
				IPHONEOS_DEPLOYMENT_TARGET = 13.2;
				LD_RUNPATH_SEARCH_PATHS = (
					"$(inherited)",
					"@executable_path/Frameworks",
					"@loader_path/Frameworks",
				);
				PRODUCT_BUNDLE_IDENTIFIER = com.jasoncabot.HelloAppCenterTests;
				PRODUCT_NAME = "$(TARGET_NAME)";
				SWIFT_VERSION = 5.0;
				TARGETED_DEVICE_FAMILY = "1,2";
				TEST_HOST = "$(BUILT_PRODUCTS_DIR)/HelloAppCenter.app/HelloAppCenter";
			};
			name = Debug;
		};
		F6CEB5F023CF12AE00C4FE75 /* Release */ = {
			isa = XCBuildConfiguration;
			buildSettings = {
				ALWAYS_EMBED_SWIFT_STANDARD_LIBRARIES = YES;
				BUNDLE_LOADER = "$(TEST_HOST)";
				CODE_SIGN_STYLE = Automatic;
				DEVELOPMENT_TEAM = 2V62Z49VFD;
				INFOPLIST_FILE = HelloAppCenterTests/Info.plist;
				IPHONEOS_DEPLOYMENT_TARGET = 13.2;
				LD_RUNPATH_SEARCH_PATHS = (
					"$(inherited)",
					"@executable_path/Frameworks",
					"@loader_path/Frameworks",
				);
				PRODUCT_BUNDLE_IDENTIFIER = com.jasoncabot.HelloAppCenterTests;
				PRODUCT_NAME = "$(TARGET_NAME)";
				SWIFT_VERSION = 5.0;
				TARGETED_DEVICE_FAMILY = "1,2";
				TEST_HOST = "$(BUILT_PRODUCTS_DIR)/HelloAppCenter.app/HelloAppCenter";
			};
			name = Release;
		};
		F6CEB5F223CF12AE00C4FE75 /* Debug */ = {
			isa = XCBuildConfiguration;
			buildSettings = {
				ALWAYS_EMBED_SWIFT_STANDARD_LIBRARIES = YES;
				CODE_SIGN_STYLE = Automatic;
				DEVELOPMENT_TEAM = 2V62Z49VFD;
				INFOPLIST_FILE = HelloAppCenterUITests/Info.plist;
				LD_RUNPATH_SEARCH_PATHS = (
					"$(inherited)",
					"@executable_path/Frameworks",
					"@loader_path/Frameworks",
				);
				PRODUCT_BUNDLE_IDENTIFIER = com.jasoncabot.HelloAppCenterUITests;
				PRODUCT_NAME = "$(TARGET_NAME)";
				SWIFT_VERSION = 5.0;
				TARGETED_DEVICE_FAMILY = "1,2";
				TEST_TARGET_NAME = HelloAppCenter;
			};
			name = Debug;
		};
		F6CEB5F323CF12AE00C4FE75 /* Release */ = {
			isa = XCBuildConfiguration;
			buildSettings = {
				ALWAYS_EMBED_SWIFT_STANDARD_LIBRARIES = YES;
				CODE_SIGN_STYLE = Automatic;
				DEVELOPMENT_TEAM = 2V62Z49VFD;
				INFOPLIST_FILE = HelloAppCenterUITests/Info.plist;
				LD_RUNPATH_SEARCH_PATHS = (
					"$(inherited)",
					"@executable_path/Frameworks",
					"@loader_path/Frameworks",
				);
				PRODUCT_BUNDLE_IDENTIFIER = com.jasoncabot.HelloAppCenterUITests;
				PRODUCT_NAME = "$(TARGET_NAME)";
				SWIFT_VERSION = 5.0;
				TARGETED_DEVICE_FAMILY = "1,2";
				TEST_TARGET_NAME = HelloAppCenter;
			};
			name = Release;
		};
/* End XCBuildConfiguration section */

/* Begin XCConfigurationList section */
		F6CEB5BA23CF12AC00C4FE75 /* Build configuration list for PBXProject "HelloAppCenter" */ = {
			isa = XCConfigurationList;
			buildConfigurations = (
				F6CEB5E923CF12AE00C4FE75 /* Debug */,
				F6CEB5EA23CF12AE00C4FE75 /* Release */,
			);
			defaultConfigurationIsVisible = 0;
			defaultConfigurationName = Release;
		};
		F6CEB5EB23CF12AE00C4FE75 /* Build configuration list for PBXNativeTarget "HelloAppCenter" */ = {
			isa = XCConfigurationList;
			buildConfigurations = (
				F6CEB5EC23CF12AE00C4FE75 /* Debug */,
				F6CEB5ED23CF12AE00C4FE75 /* Release */,
			);
			defaultConfigurationIsVisible = 0;
			defaultConfigurationName = Release;
		};
		F6CEB5EE23CF12AE00C4FE75 /* Build configuration list for PBXNativeTarget "HelloAppCenterTests" */ = {
			isa = XCConfigurationList;
			buildConfigurations = (
				F6CEB5EF23CF12AE00C4FE75 /* Debug */,
				F6CEB5F023CF12AE00C4FE75 /* Release */,
			);
			defaultConfigurationIsVisible = 0;
			defaultConfigurationName = Release;
		};
		F6CEB5F123CF12AE00C4FE75 /* Build configuration list for PBXNativeTarget "HelloAppCenterUITests" */ = {
			isa = XCConfigurationList;
			buildConfigurations = (
				F6CEB5F223CF12AE00C4FE75 /* Debug */,
				F6CEB5F323CF12AE00C4FE75 /* Release */,
			);
			defaultConfigurationIsVisible = 0;
			defaultConfigurationName = Release;
		};
/* End XCConfigurationList section */
	};
	rootObject = F6CEB5B723CF12AC00C4FE75 /* Project object */;
}
